
Microsoft Visual Studio Solution File, Format Version 12.00
# Visual Studio Version 17
VisualStudioVersion = 17.2.32630.192
MinimumVisualStudioVersion = 10.0.40219.1
Project("{2150E333-8FDC-42A3-9474-1A3956D46DE8}") = "Flutter", "Flutter", "{325ACAA5-6901-4C1F-9045-8C94B4CAC102}"
EndProject
Project("{2150E333-8FDC-42A3-9474-1A3956D46DE8}") = "Back-end", "Back-end", "{D6BB0A5E-5413-4B6A-A18B-DF225D95EA9D}"
EndProject
Project("{FAE04EC0-301F-11D3-BF4B-00C04F79EFBC}") = "WebAPI", "Back-end\WebAPI\WebAPI.csproj", "{7FC2B8FB-7A13-4CF5-BB68-4775742F8A19}"
EndProject
Global
	GlobalSection(SolutionConfigurationPlatforms) = preSolution
		Debug|Any CPU = Debug|Any CPU
		Release|Any CPU = Release|Any CPU
	EndGlobalSection
	GlobalSection(ProjectConfigurationPlatforms) = postSolution
		{7FC2B8FB-7A13-4CF5-BB68-4775742F8A19}.Debug|Any CPU.ActiveCfg = Debug|Any CPU
		{7FC2B8FB-7A13-4CF5-BB68-4775742F8A19}.Debug|Any CPU.Build.0 = Debug|Any CPU
		{7FC2B8FB-7A13-4CF5-BB68-4775742F8A19}.Release|Any CPU.ActiveCfg = Release|Any CPU
		{7FC2B8FB-7A13-4CF5-BB68-4775742F8A19}.Release|Any CPU.Build.0 = Release|Any CPU
	EndGlobalSection
	GlobalSection(SolutionProperties) = preSolution
		HideSolutionNode = FALSE
	EndGlobalSection
	GlobalSection(NestedProjects) = preSolution
		{7FC2B8FB-7A13-4CF5-BB68-4775742F8A19} = {D6BB0A5E-5413-4B6A-A18B-DF225D95EA9D}
	EndGlobalSection
	GlobalSection(ExtensibilityGlobals) = postSolution
		SolutionGuid = {2B75AEC8-5358-4700-8ABD-09700869B544}
	EndGlobalSection
EndGlobal
